
Microsoft Visual Studio Solution File, Format Version 12.00
# Visual Studio 2013
VisualStudioVersion = 12.0.40629.0
MinimumVisualStudioVersion = 10.0.40219.1
Project("{FAE04EC0-301F-11D3-BF4B-00C04F79EFBC}") = "Det3FitAutoTune", "Det3FitAutoTune\Det3FitAutoTune.csproj", "{D0DABCDD-7CFB-4578-B70D-78434402C459}"
EndProject
Project("{2150E333-8FDC-42A3-9474-1A3956D46DE8}") = "Solution Items", "Solution Items", "{2C475329-9809-4A40-A080-7AEF09EAD5BE}"
	ProjectSection(SolutionItems) = preProject
		Samples\log_2016131_1555.dlg = Samples\log_2016131_1555.dlg
		Samples\log_2016131_1555_mine.dlg = Samples\log_2016131_1555_mine.dlg
		Samples\log_2016131_1613_short.dlg = Samples\log_2016131_1613_short.dlg
		Samples\log_201627_1016.dlg = Samples\log_201627_1016.dlg
		Samples\log_201627_1039_straight_start.dlg = Samples\log_201627_1039_straight_start.dlg
		Samples\log_mine.dlg = Samples\log_mine.dlg
		Samples\long.csv = Samples\long.csv
		Samples\sample_log.csv = Samples\sample_log.csv
	EndProjectSection
EndProject
Project("{FAE04EC0-301F-11D3-BF4B-00C04F79EFBC}") = "Det3FitAutoTune.Test2", "Det3FitAutoTune.Test2\Det3FitAutoTune.Test2.csproj", "{0ED32C42-DCF1-44D9-AA29-B7EC268F8DD0}"
EndProject
Project("{2150E333-8FDC-42A3-9474-1A3956D46DE8}") = ".nuget", ".nuget", "{1E2007A6-6052-414E-B34B-DA43CE2907E3}"
	ProjectSection(SolutionItems) = preProject
		.nuget\packages.config = .nuget\packages.config
	EndProjectSection
EndProject
Project("{FAE04EC0-301F-11D3-BF4B-00C04F79EFBC}") = "Det3FitAutotuneGui", "Det3FitAutotuneGui\Det3FitAutotuneGui.csproj", "{14F9232F-D734-4464-B32E-9E38E4C97FA7}"
EndProject
Global
	GlobalSection(SolutionConfigurationPlatforms) = preSolution
		Debug|Any CPU = Debug|Any CPU
		Release|Any CPU = Release|Any CPU
	EndGlobalSection
	GlobalSection(ProjectConfigurationPlatforms) = postSolution
		{D0DABCDD-7CFB-4578-B70D-78434402C459}.Debug|Any CPU.ActiveCfg = Debug|Any CPU
		{D0DABCDD-7CFB-4578-B70D-78434402C459}.Debug|Any CPU.Build.0 = Debug|Any CPU
		{D0DABCDD-7CFB-4578-B70D-78434402C459}.Release|Any CPU.ActiveCfg = Release|Any CPU
		{D0DABCDD-7CFB-4578-B70D-78434402C459}.Release|Any CPU.Build.0 = Release|Any CPU
		{0ED32C42-DCF1-44D9-AA29-B7EC268F8DD0}.Debug|Any CPU.ActiveCfg = Debug|Any CPU
		{0ED32C42-DCF1-44D9-AA29-B7EC268F8DD0}.Debug|Any CPU.Build.0 = Debug|Any CPU
		{0ED32C42-DCF1-44D9-AA29-B7EC268F8DD0}.Release|Any CPU.ActiveCfg = Release|Any CPU
		{0ED32C42-DCF1-44D9-AA29-B7EC268F8DD0}.Release|Any CPU.Build.0 = Release|Any CPU
		{14F9232F-D734-4464-B32E-9E38E4C97FA7}.Debug|Any CPU.ActiveCfg = Debug|Any CPU
		{14F9232F-D734-4464-B32E-9E38E4C97FA7}.Debug|Any CPU.Build.0 = Debug|Any CPU
		{14F9232F-D734-4464-B32E-9E38E4C97FA7}.Release|Any CPU.ActiveCfg = Release|Any CPU
		{14F9232F-D734-4464-B32E-9E38E4C97FA7}.Release|Any CPU.Build.0 = Release|Any CPU
	EndGlobalSection
	GlobalSection(SolutionProperties) = preSolution
		HideSolutionNode = FALSE
	EndGlobalSection
EndGlobal
